{
  "name": "crack-history",
  "version": "0.1.0",
  "lockfileVersion": 1,
  "requires": true,
  "dependencies": {
    "dat.gui": {
      "version": "0.7.3",
      "resolved": "https://registry.npmjs.org/dat.gui/-/dat.gui-0.7.3.tgz",
      "integrity": "sha512-VfVWUcuTwae6/MTia/s2aPB1NLZXA2Gz6PiVyYOrVfODbXJLNAkVjn0aiuxx08cR68ucOuwrNXXt0m9MNVJvkQ=="
    }
  }
}
